
Microsoft Visual Studio Solution File, Format Version 12.00
# Visual Studio 15
VisualStudioVersion = 15.0.28307.572
MinimumVisualStudioVersion = 10.0.40219.1
Project("{FAE04EC0-301F-11D3-BF4B-00C04F79EFBC}") = "TestPomeloConsole", "TestPomeloConsole\TestPomeloConsole.csproj", "{82EFA461-5B86-48D3-BBF4-6C93742C27F1}"
EndProject
Project("{FAE04EC0-301F-11D3-BF4B-00C04F79EFBC}") = "DAL", "DAL\DAL.csproj", "{F8500132-9E96-4141-B1A1-D0249B7FF5F3}"
EndProject
Global
	GlobalSection(SolutionConfigurationPlatforms) = preSolution
		Debug|Any CPU = Debug|Any CPU
		Release|Any CPU = Release|Any CPU
	EndGlobalSection
	GlobalSection(ProjectConfigurationPlatforms) = postSolution
		{82EFA461-5B86-48D3-BBF4-6C93742C27F1}.Debug|Any CPU.ActiveCfg = Debug|Any CPU
		{82EFA461-5B86-48D3-BBF4-6C93742C27F1}.Debug|Any CPU.Build.0 = Debug|Any CPU
		{82EFA461-5B86-48D3-BBF4-6C93742C27F1}.Release|Any CPU.ActiveCfg = Release|Any CPU
		{82EFA461-5B86-48D3-BBF4-6C93742C27F1}.Release|Any CPU.Build.0 = Release|Any CPU
		{F8500132-9E96-4141-B1A1-D0249B7FF5F3}.Debug|Any CPU.ActiveCfg = Debug|Any CPU
		{F8500132-9E96-4141-B1A1-D0249B7FF5F3}.Debug|Any CPU.Build.0 = Debug|Any CPU
		{F8500132-9E96-4141-B1A1-D0249B7FF5F3}.Release|Any CPU.ActiveCfg = Release|Any CPU
		{F8500132-9E96-4141-B1A1-D0249B7FF5F3}.Release|Any CPU.Build.0 = Release|Any CPU
	EndGlobalSection
	GlobalSection(SolutionProperties) = preSolution
		HideSolutionNode = FALSE
	EndGlobalSection
	GlobalSection(ExtensibilityGlobals) = postSolution
		SolutionGuid = {C2D9A734-FC83-42EA-BD43-EED005E69650}
	EndGlobalSection
EndGlobal
